
Microsoft Visual Studio Solution File, Format Version 12.00
# Visual Studio Version 16
VisualStudioVersion = 25.0.1706.8
MinimumVisualStudioVersion = 10.0.40219.1
Project("{FAE04EC0-301F-11D3-BF4B-00C04F79EFBC}") = "pb.tp7", "pb.tp7\pb.tp7.csproj", "{32B4095C-5CB0-473E-A7CF-F16C9CFFEA89}"
EndProject
Global
	GlobalSection(SolutionConfigurationPlatforms) = preSolution
		Debug|Any CPU = Debug|Any CPU
		Release|Any CPU = Release|Any CPU
	EndGlobalSection
	GlobalSection(ProjectConfigurationPlatforms) = postSolution
		{32B4095C-5CB0-473E-A7CF-F16C9CFFEA89}.Debug|Any CPU.ActiveCfg = Debug|Any CPU
		{32B4095C-5CB0-473E-A7CF-F16C9CFFEA89}.Debug|Any CPU.Build.0 = Debug|Any CPU
		{32B4095C-5CB0-473E-A7CF-F16C9CFFEA89}.Release|Any CPU.ActiveCfg = Release|Any CPU
		{32B4095C-5CB0-473E-A7CF-F16C9CFFEA89}.Release|Any CPU.Build.0 = Release|Any CPU
	EndGlobalSection
	GlobalSection(SolutionProperties) = preSolution
		HideSolutionNode = FALSE
	EndGlobalSection
	GlobalSection(ExtensibilityGlobals) = postSolution
		SolutionGuid = {ABCB4DE9-75D8-4464-A95B-E93DC12AF5EC}
	EndGlobalSection
EndGlobal
